
Microsoft Visual Studio Solution File, Format Version 12.00
# Visual Studio Version 17
VisualStudioVersion = 17.10.34916.146
MinimumVisualStudioVersion = 10.0.40219.1
Project("{9A19103F-16F7-4668-BE54-9A1E7A4F7556}") = "DSV.Task.RestApi", "DSV.Task.RestApi.csproj", "{64BD6BCA-B774-4C02-A260-4FC986A9AA94}"
EndProject
Project("{FAE04EC0-301F-11D3-BF4B-00C04F79EFBC}") = "DSV.Task.RestApi.Test", "..\DSV.Task.RestApi.Test\DSV.Task.RestApi.Test.csproj", "{F175C3F5-EEE3-4467-9598-AF6C5E233341}"
EndProject
Global
	GlobalSection(SolutionConfigurationPlatforms) = preSolution
		Debug|Any CPU = Debug|Any CPU
		Release|Any CPU = Release|Any CPU
	EndGlobalSection
	GlobalSection(ProjectConfigurationPlatforms) = postSolution
		{64BD6BCA-B774-4C02-A260-4FC986A9AA94}.Debug|Any CPU.ActiveCfg = Debug|Any CPU
		{64BD6BCA-B774-4C02-A260-4FC986A9AA94}.Debug|Any CPU.Build.0 = Debug|Any CPU
		{64BD6BCA-B774-4C02-A260-4FC986A9AA94}.Release|Any CPU.ActiveCfg = Release|Any CPU
		{64BD6BCA-B774-4C02-A260-4FC986A9AA94}.Release|Any CPU.Build.0 = Release|Any CPU
		{F175C3F5-EEE3-4467-9598-AF6C5E233341}.Debug|Any CPU.ActiveCfg = Debug|Any CPU
		{F175C3F5-EEE3-4467-9598-AF6C5E233341}.Debug|Any CPU.Build.0 = Debug|Any CPU
		{F175C3F5-EEE3-4467-9598-AF6C5E233341}.Release|Any CPU.ActiveCfg = Release|Any CPU
		{F175C3F5-EEE3-4467-9598-AF6C5E233341}.Release|Any CPU.Build.0 = Release|Any CPU
	EndGlobalSection
	GlobalSection(SolutionProperties) = preSolution
		HideSolutionNode = FALSE
	EndGlobalSection
	GlobalSection(ExtensibilityGlobals) = postSolution
		SolutionGuid = {5B0B74A4-A18B-41A1-836F-586C2EF5F487}
	EndGlobalSection
EndGlobal
